// !$*UTF8*$!
{
	archiveVersion = 1;
	classes = {
	};
	objectVersion = 56;
	objects = {

/* Begin PBXBuildFile section */
		6B143DB22BBE2D8F00F48A2E /* ServerView2.swift in Sources */ = {isa = PBXBuildFile; fileRef = 6B143DB12BBE2D8F00F48A2E /* ServerView2.swift */; };
		6B143DB42BBE2D9800F48A2E /* ServerView3.swift in Sources */ = {isa = PBXBuildFile; fileRef = 6B143DB32BBE2D9800F48A2E /* ServerView3.swift */; };
		6B6DCDA72BA91B8700FE55D8 /* standalone_akashApp.swift in Sources */ = {isa = PBXBuildFile; fileRef = 6B6DCDA62BA91B8700FE55D8 /* standalone_akashApp.swift */; };
		6B6DCDA92BA91B8700FE55D8 /* SearchView.swift in Sources */ = {isa = PBXBuildFile; fileRef = 6B6DCDA82BA91B8700FE55D8 /* SearchView.swift */; };
		6B6DCDAB2BA91B8A00FE55D8 /* Assets.xcassets in Resources */ = {isa = PBXBuildFile; fileRef = 6B6DCDAA2BA91B8A00FE55D8 /* Assets.xcassets */; };
		6B6DCDAE2BA91B8A00FE55D8 /* Preview Assets.xcassets in Resources */ = {isa = PBXBuildFile; fileRef = 6B6DCDAD2BA91B8A00FE55D8 /* Preview Assets.xcassets */; };
		6B6DCDB82BA91B8C00FE55D8 /* standalone_akashTests.swift in Sources */ = {isa = PBXBuildFile; fileRef = 6B6DCDB72BA91B8C00FE55D8 /* standalone_akashTests.swift */; };
		6B6DCDC22BA91B8C00FE55D8 /* standalone_akashUITests.swift in Sources */ = {isa = PBXBuildFile; fileRef = 6B6DCDC12BA91B8C00FE55D8 /* standalone_akashUITests.swift */; };
		6B6DCDC42BA91B8C00FE55D8 /* standalone_akashUITestsLaunchTests.swift in Sources */ = {isa = PBXBuildFile; fileRef = 6B6DCDC32BA91B8C00FE55D8 /* standalone_akashUITestsLaunchTests.swift */; };
		6B6DCDD42BA9202800FE55D8 /* Server.swift in Sources */ = {isa = PBXBuildFile; fileRef = 6B6DCDD32BA9202800FE55D8 /* Server.swift */; };
		6B6DCDD62BA9204800FE55D8 /* ServerView.swift in Sources */ = {isa = PBXBuildFile; fileRef = 6B6DCDD52BA9204800FE55D8 /* ServerView.swift */; };
		6B6DCDD82BA9205100FE55D8 /* IconView.swift in Sources */ = {isa = PBXBuildFile; fileRef = 6B6DCDD72BA9205100FE55D8 /* IconView.swift */; };
		6B6DCDDA2BA9205C00FE55D8 /* ServerRow.swift in Sources */ = {isa = PBXBuildFile; fileRef = 6B6DCDD92BA9205C00FE55D8 /* ServerRow.swift */; };
		6B6DCDDC2BA9206700FE55D8 /* SmallRow.swift in Sources */ = {isa = PBXBuildFile; fileRef = 6B6DCDDB2BA9206700FE55D8 /* SmallRow.swift */; };
		6B6DCDDE2BA9207100FE55D8 /* OfflineIcon.swift in Sources */ = {isa = PBXBuildFile; fileRef = 6B6DCDDD2BA9207100FE55D8 /* OfflineIcon.swift */; };
		6B6DCDED2BA92E3700FE55D8 /* Servers.swift in Sources */ = {isa = PBXBuildFile; fileRef = 6B6DCDEC2BA92E3700FE55D8 /* Servers.swift */; };
		6B6DCDEF2BA92E6700FE55D8 /* arim.json in Resources */ = {isa = PBXBuildFile; fileRef = 6B6DCDEE2BA92E6700FE55D8 /* arim.json */; };
		6B6DCDF12BA92F3E00FE55D8 /* servers.json in Resources */ = {isa = PBXBuildFile; fileRef = 6B6DCDF02BA92F3E00FE55D8 /* servers.json */; };
		6BC7B8F02BABBED800ECA0D7 /* ContentView.swift in Sources */ = {isa = PBXBuildFile; fileRef = 6BC7B8EF2BABBED800ECA0D7 /* ContentView.swift */; };
		6BC7B8F22BABC54F00ECA0D7 /* Data.swift in Sources */ = {isa = PBXBuildFile; fileRef = 6BC7B8F12BABC54F00ECA0D7 /* Data.swift */; };
/* End PBXBuildFile section */

/* Begin PBXContainerItemProxy section */
		6B6DCDB42BA91B8C00FE55D8 /* PBXContainerItemProxy */ = {
			isa = PBXContainerItemProxy;
			containerPortal = 6B6DCD9B2BA91B8700FE55D8 /* Project object */;
			proxyType = 1;
			remoteGlobalIDString = 6B6DCDA22BA91B8700FE55D8;
			remoteInfo = "standalone-akash";
		};
		6B6DCDBE2BA91B8C00FE55D8 /* PBXContainerItemProxy */ = {
			isa = PBXContainerItemProxy;
			containerPortal = 6B6DCD9B2BA91B8700FE55D8 /* Project object */;
			proxyType = 1;
			remoteGlobalIDString = 6B6DCDA22BA91B8700FE55D8;
			remoteInfo = "standalone-akash";
		};
/* End PBXContainerItemProxy section */

/* Begin PBXFileReference section */
		6B143DB12BBE2D8F00F48A2E /* ServerView2.swift */ = {isa = PBXFileReference; lastKnownFileType = sourcecode.swift; path = ServerView2.swift; sourceTree = "<group>"; };
		6B143DB32BBE2D9800F48A2E /* ServerView3.swift */ = {isa = PBXFileReference; lastKnownFileType = sourcecode.swift; path = ServerView3.swift; sourceTree = "<group>"; };
		6B6DCDA32BA91B8700FE55D8 /* standalone-akash.app */ = {isa = PBXFileReference; explicitFileType = wrapper.application; includeInIndex = 0; path = "standalone-akash.app"; sourceTree = BUILT_PRODUCTS_DIR; };
		6B6DCDA62BA91B8700FE55D8 /* standalone_akashApp.swift */ = {isa = PBXFileReference; lastKnownFileType = sourcecode.swift; path = standalone_akashApp.swift; sourceTree = "<group>"; };
		6B6DCDA82BA91B8700FE55D8 /* SearchView.swift */ = {isa = PBXFileReference; lastKnownFileType = sourcecode.swift; path = SearchView.swift; sourceTree = "<group>"; };
		6B6DCDAA2BA91B8A00FE55D8 /* Assets.xcassets */ = {isa = PBXFileReference; lastKnownFileType = folder.assetcatalog; path = Assets.xcassets; sourceTree = "<group>"; };
		6B6DCDAD2BA91B8A00FE55D8 /* Preview Assets.xcassets */ = {isa = PBXFileReference; lastKnownFileType = folder.assetcatalog; path = "Preview Assets.xcassets"; sourceTree = "<group>"; };
		6B6DCDB32BA91B8C00FE55D8 /* standalone-akashTests.xctest */ = {isa = PBXFileReference; explicitFileType = wrapper.cfbundle; includeInIndex = 0; path = "standalone-akashTests.xctest"; sourceTree = BUILT_PRODUCTS_DIR; };
		6B6DCDB72BA91B8C00FE55D8 /* standalone_akashTests.swift */ = {isa = PBXFileReference; lastKnownFileType = sourcecode.swift; path = standalone_akashTests.swift; sourceTree = "<group>"; };
		6B6DCDBD2BA91B8C00FE55D8 /* standalone-akashUITests.xctest */ = {isa = PBXFileReference; explicitFileType = wrapper.cfbundle; includeInIndex = 0; path = "standalone-akashUITests.xctest"; sourceTree = BUILT_PRODUCTS_DIR; };
		6B6DCDC12BA91B8C00FE55D8 /* standalone_akashUITests.swift */ = {isa = PBXFileReference; lastKnownFileType = sourcecode.swift; path = standalone_akashUITests.swift; sourceTree = "<group>"; };
		6B6DCDC32BA91B8C00FE55D8 /* standalone_akashUITestsLaunchTests.swift */ = {isa = PBXFileReference; lastKnownFileType = sourcecode.swift; path = standalone_akashUITestsLaunchTests.swift; sourceTree = "<group>"; };
		6B6DCDD32BA9202800FE55D8 /* Server.swift */ = {isa = PBXFileReference; lastKnownFileType = sourcecode.swift; path = Server.swift; sourceTree = "<group>"; };
		6B6DCDD52BA9204800FE55D8 /* ServerView.swift */ = {isa = PBXFileReference; lastKnownFileType = sourcecode.swift; path = ServerView.swift; sourceTree = "<group>"; };
		6B6DCDD72BA9205100FE55D8 /* IconView.swift */ = {isa = PBXFileReference; lastKnownFileType = sourcecode.swift; path = IconView.swift; sourceTree = "<group>"; };
		6B6DCDD92BA9205C00FE55D8 /* ServerRow.swift */ = {isa = PBXFileReference; lastKnownFileType = sourcecode.swift; path = ServerRow.swift; sourceTree = "<group>"; };
		6B6DCDDB2BA9206700FE55D8 /* SmallRow.swift */ = {isa = PBXFileReference; lastKnownFileType = sourcecode.swift; path = SmallRow.swift; sourceTree = "<group>"; };
		6B6DCDDD2BA9207100FE55D8 /* OfflineIcon.swift */ = {isa = PBXFileReference; lastKnownFileType = sourcecode.swift; path = OfflineIcon.swift; sourceTree = "<group>"; };
		6B6DCDEC2BA92E3700FE55D8 /* Servers.swift */ = {isa = PBXFileReference; lastKnownFileType = sourcecode.swift; path = Servers.swift; sourceTree = "<group>"; };
		6B6DCDEE2BA92E6700FE55D8 /* arim.json */ = {isa = PBXFileReference; lastKnownFileType = text.json; path = arim.json; sourceTree = "<group>"; xcLanguageSpecificationIdentifier = xcode.lang.json; };
		6B6DCDF02BA92F3E00FE55D8 /* servers.json */ = {isa = PBXFileReference; lastKnownFileType = text.json; path = servers.json; sourceTree = "<group>"; xcLanguageSpecificationIdentifier = xcode.lang.json; };
		6BC7B8EF2BABBED800ECA0D7 /* ContentView.swift */ = {isa = PBXFileReference; lastKnownFileType = sourcecode.swift; path = ContentView.swift; sourceTree = "<group>"; };
		6BC7B8F12BABC54F00ECA0D7 /* Data.swift */ = {isa = PBXFileReference; lastKnownFileType = sourcecode.swift; path = Data.swift; sourceTree = "<group>"; };
/* End PBXFileReference section */

/* Begin PBXFrameworksBuildPhase section */
		6B6DCDA02BA91B8700FE55D8 /* Frameworks */ = {
			isa = PBXFrameworksBuildPhase;
			buildActionMask = 2147483647;
			files = (
			);
			runOnlyForDeploymentPostprocessing = 0;
		};
		6B6DCDB02BA91B8C00FE55D8 /* Frameworks */ = {
			isa = PBXFrameworksBuildPhase;
			buildActionMask = 2147483647;
			files = (
			);
			runOnlyForDeploymentPostprocessing = 0;
		};
		6B6DCDBA2BA91B8C00FE55D8 /* Frameworks */ = {
			isa = PBXFrameworksBuildPhase;
			buildActionMask = 2147483647;
			files = (
			);
			runOnlyForDeploymentPostprocessing = 0;
		};
/* End PBXFrameworksBuildPhase section */

/* Begin PBXGroup section */
		6B6DCD9A2BA91B8700FE55D8 = {
			isa = PBXGroup;
			children = (
				6B6DCDA52BA91B8700FE55D8 /* standalone-akash */,
				6B6DCDB62BA91B8C00FE55D8 /* standalone-akashTests */,
				6B6DCDC02BA91B8C00FE55D8 /* standalone-akashUITests */,
				6B6DCDA42BA91B8700FE55D8 /* Products */,
			);
			sourceTree = "<group>";
		};
		6B6DCDA42BA91B8700FE55D8 /* Products */ = {
			isa = PBXGroup;
			children = (
				6B6DCDA32BA91B8700FE55D8 /* standalone-akash.app */,
				6B6DCDB32BA91B8C00FE55D8 /* standalone-akashTests.xctest */,
				6B6DCDBD2BA91B8C00FE55D8 /* standalone-akashUITests.xctest */,
			);
			name = Products;
			sourceTree = "<group>";
		};
		6B6DCDA52BA91B8700FE55D8 /* standalone-akash */ = {
			isa = PBXGroup;
			children = (
				6B6DCDEB2BA92E2700FE55D8 /* Data */,
				6B6DCDD22BA9201100FE55D8 /* Model */,
				6B6DCDD02BA91EC800FE55D8 /* View */,
				6B6DCDA62BA91B8700FE55D8 /* standalone_akashApp.swift */,
				6B6DCDAA2BA91B8A00FE55D8 /* Assets.xcassets */,
				6B6DCDF02BA92F3E00FE55D8 /* servers.json */,
				6B6DCDAC2BA91B8A00FE55D8 /* Preview Content */,
			);
			path = "standalone-akash";
			sourceTree = "<group>";
		};
		6B6DCDAC2BA91B8A00FE55D8 /* Preview Content */ = {
			isa = PBXGroup;
			children = (
				6B6DCDAD2BA91B8A00FE55D8 /* Preview Assets.xcassets */,
			);
			path = "Preview Content";
			sourceTree = "<group>";
		};
		6B6DCDB62BA91B8C00FE55D8 /* standalone-akashTests */ = {
			isa = PBXGroup;
			children = (
				6B6DCDB72BA91B8C00FE55D8 /* standalone_akashTests.swift */,
			);
			path = "standalone-akashTests";
			sourceTree = "<group>";
		};
		6B6DCDC02BA91B8C00FE55D8 /* standalone-akashUITests */ = {
			isa = PBXGroup;
			children = (
				6B6DCDC12BA91B8C00FE55D8 /* standalone_akashUITests.swift */,
				6B6DCDC32BA91B8C00FE55D8 /* standalone_akashUITestsLaunchTests.swift */,
			);
			path = "standalone-akashUITests";
			sourceTree = "<group>";
		};
		6B6DCDD02BA91EC800FE55D8 /* View */ = {
			isa = PBXGroup;
			children = (
				6B6DCDA82BA91B8700FE55D8 /* SearchView.swift */,
				6B6DCDD52BA9204800FE55D8 /* ServerView.swift */,
				6B143DB12BBE2D8F00F48A2E /* ServerView2.swift */,
				6B143DB32BBE2D9800F48A2E /* ServerView3.swift */,
				6B6DCDD72BA9205100FE55D8 /* IconView.swift */,
				6B6DCDD92BA9205C00FE55D8 /* ServerRow.swift */,
				6B6DCDDB2BA9206700FE55D8 /* SmallRow.swift */,
				6B6DCDDD2BA9207100FE55D8 /* OfflineIcon.swift */,
				6BC7B8EF2BABBED800ECA0D7 /* ContentView.swift */,
			);
			path = View;
			sourceTree = "<group>";
		};
		6B6DCDD22BA9201100FE55D8 /* Model */ = {
			isa = PBXGroup;
			children = (
				6B6DCDD32BA9202800FE55D8 /* Server.swift */,
				6BC7B8F12BABC54F00ECA0D7 /* Data.swift */,
			);
			path = Model;
			sourceTree = "<group>";
		};
		6B6DCDEB2BA92E2700FE55D8 /* Data */ = {
			isa = PBXGroup;
			children = (
				6B6DCDEC2BA92E3700FE55D8 /* Servers.swift */,
				6B6DCDEE2BA92E6700FE55D8 /* arim.json */,
			);
			path = Data;
			sourceTree = "<group>";
		};
/* End PBXGroup section */

/* Begin PBXNativeTarget section */
		6B6DCDA22BA91B8700FE55D8 /* standalone-akash */ = {
			isa = PBXNativeTarget;
			buildConfigurationList = 6B6DCDC72BA91B8C00FE55D8 /* Build configuration list for PBXNativeTarget "standalone-akash" */;
			buildPhases = (
				6B6DCD9F2BA91B8700FE55D8 /* Sources */,
				6B6DCDA02BA91B8700FE55D8 /* Frameworks */,
				6B6DCDA12BA91B8700FE55D8 /* Resources */,
			);
			buildRules = (
			);
			dependencies = (
			);
			name = "standalone-akash";
			productName = "standalone-akash";
			productReference = 6B6DCDA32BA91B8700FE55D8 /* standalone-akash.app */;
			productType = "com.apple.product-type.application";
		};
		6B6DCDB22BA91B8C00FE55D8 /* standalone-akashTests */ = {
			isa = PBXNativeTarget;
			buildConfigurationList = 6B6DCDCA2BA91B8C00FE55D8 /* Build configuration list for PBXNativeTarget "standalone-akashTests" */;
			buildPhases = (
				6B6DCDAF2BA91B8C00FE55D8 /* Sources */,
				6B6DCDB02BA91B8C00FE55D8 /* Frameworks */,
				6B6DCDB12BA91B8C00FE55D8 /* Resources */,
			);
			buildRules = (
			);
			dependencies = (
				6B6DCDB52BA91B8C00FE55D8 /* PBXTargetDependency */,
			);
			name = "standalone-akashTests";
			productName = "standalone-akashTests";
			productReference = 6B6DCDB32BA91B8C00FE55D8 /* standalone-akashTests.xctest */;
			productType = "com.apple.product-type.bundle.unit-test";
		};
		6B6DCDBC2BA91B8C00FE55D8 /* standalone-akashUITests */ = {
			isa = PBXNativeTarget;
			buildConfigurationList = 6B6DCDCD2BA91B8C00FE55D8 /* Build configuration list for PBXNativeTarget "standalone-akashUITests" */;
			buildPhases = (
				6B6DCDB92BA91B8C00FE55D8 /* Sources */,
				6B6DCDBA2BA91B8C00FE55D8 /* Frameworks */,
				6B6DCDBB2BA91B8C00FE55D8 /* Resources */,
			);
			buildRules = (
			);
			dependencies = (
				6B6DCDBF2BA91B8C00FE55D8 /* PBXTargetDependency */,
			);
			name = "standalone-akashUITests";
			productName = "standalone-akashUITests";
			productReference = 6B6DCDBD2BA91B8C00FE55D8 /* standalone-akashUITests.xctest */;
			productType = "com.apple.product-type.bundle.ui-testing";
		};
/* End PBXNativeTarget section */

/* Begin PBXProject section */
		6B6DCD9B2BA91B8700FE55D8 /* Project object */ = {
			isa = PBXProject;
			attributes = {
				BuildIndependentTargetsInParallel = 1;
				LastSwiftUpdateCheck = 1420;
				LastUpgradeCheck = 1420;
				TargetAttributes = {
					6B6DCDA22BA91B8700FE55D8 = {
						CreatedOnToolsVersion = 14.2;
					};
					6B6DCDB22BA91B8C00FE55D8 = {
						CreatedOnToolsVersion = 14.2;
						TestTargetID = 6B6DCDA22BA91B8700FE55D8;
					};
					6B6DCDBC2BA91B8C00FE55D8 = {
						CreatedOnToolsVersion = 14.2;
						TestTargetID = 6B6DCDA22BA91B8700FE55D8;
					};
				};
			};
			buildConfigurationList = 6B6DCD9E2BA91B8700FE55D8 /* Build configuration list for PBXProject "standalone-akash" */;
			compatibilityVersion = "Xcode 14.0";
			developmentRegion = en;
			hasScannedForEncodings = 0;
			knownRegions = (
				en,
				Base,
			);
			mainGroup = 6B6DCD9A2BA91B8700FE55D8;
			productRefGroup = 6B6DCDA42BA91B8700FE55D8 /* Products */;
			projectDirPath = "";
			projectRoot = "";
			targets = (
				6B6DCDA22BA91B8700FE55D8 /* standalone-akash */,
				6B6DCDB22BA91B8C00FE55D8 /* standalone-akashTests */,
				6B6DCDBC2BA91B8C00FE55D8 /* standalone-akashUITests */,
			);
		};
/* End PBXProject section */

/* Begin PBXResourcesBuildPhase section */
		6B6DCDA12BA91B8700FE55D8 /* Resources */ = {
			isa = PBXResourcesBuildPhase;
			buildActionMask = 2147483647;
			files = (
				6B6DCDEF2BA92E6700FE55D8 /* arim.json in Resources */,
				6B6DCDAE2BA91B8A00FE55D8 /* Preview Assets.xcassets in Resources */,
				6B6DCDF12BA92F3E00FE55D8 /* servers.json in Resources */,
				6B6DCDAB2BA91B8A00FE55D8 /* Assets.xcassets in Resources */,
			);
			runOnlyForDeploymentPostprocessing = 0;
		};
		6B6DCDB12BA91B8C00FE55D8 /* Resources */ = {
			isa = PBXResourcesBuildPhase;
			buildActionMask = 2147483647;
			files = (
			);
			runOnlyForDeploymentPostprocessing = 0;
		};
		6B6DCDBB2BA91B8C00FE55D8 /* Resources */ = {
			isa = PBXResourcesBuildPhase;
			buildActionMask = 2147483647;
			files = (
			);
			runOnlyForDeploymentPostprocessing = 0;
		};
/* End PBXResourcesBuildPhase section */

/* Begin PBXSourcesBuildPhase section */
		6B6DCD9F2BA91B8700FE55D8 /* Sources */ = {
			isa = PBXSourcesBuildPhase;
			buildActionMask = 2147483647;
			files = (
				6B6DCDDE2BA9207100FE55D8 /* OfflineIcon.swift in Sources */,
				6B143DB42BBE2D9800F48A2E /* ServerView3.swift in Sources */,
				6B6DCDD82BA9205100FE55D8 /* IconView.swift in Sources */,
				6B6DCDED2BA92E3700FE55D8 /* Servers.swift in Sources */,
				6B6DCDDC2BA9206700FE55D8 /* SmallRow.swift in Sources */,
				6B6DCDA92BA91B8700FE55D8 /* SearchView.swift in Sources */,
				6B6DCDD62BA9204800FE55D8 /* ServerView.swift in Sources */,
				6B6DCDDA2BA9205C00FE55D8 /* ServerRow.swift in Sources */,
				6BC7B8F22BABC54F00ECA0D7 /* Data.swift in Sources */,
				6B6DCDD42BA9202800FE55D8 /* Server.swift in Sources */,
				6BC7B8F02BABBED800ECA0D7 /* ContentView.swift in Sources */,
				6B6DCDA72BA91B8700FE55D8 /* standalone_akashApp.swift in Sources */,
				6B143DB22BBE2D8F00F48A2E /* ServerView2.swift in Sources */,
			);
			runOnlyForDeploymentPostprocessing = 0;
		};
		6B6DCDAF2BA91B8C00FE55D8 /* Sources */ = {
			isa = PBXSourcesBuildPhase;
			buildActionMask = 2147483647;
			files = (
				6B6DCDB82BA91B8C00FE55D8 /* standalone_akashTests.swift in Sources */,
			);
			runOnlyForDeploymentPostprocessing = 0;
		};
		6B6DCDB92BA91B8C00FE55D8 /* Sources */ = {
			isa = PBXSourcesBuildPhase;
			buildActionMask = 2147483647;
			files = (
				6B6DCDC42BA91B8C00FE55D8 /* standalone_akashUITestsLaunchTests.swift in Sources */,
				6B6DCDC22BA91B8C00FE55D8 /* standalone_akashUITests.swift in Sources */,
			);
			runOnlyForDeploymentPostprocessing = 0;
		};
/* End PBXSourcesBuildPhase section */

/* Begin PBXTargetDependency section */
		6B6DCDB52BA91B8C00FE55D8 /* PBXTargetDependency */ = {
			isa = PBXTargetDependency;
			target = 6B6DCDA22BA91B8700FE55D8 /* standalone-akash */;
			targetProxy = 6B6DCDB42BA91B8C00FE55D8 /* PBXContainerItemProxy */;
		};
		6B6DCDBF2BA91B8C00FE55D8 /* PBXTargetDependency */ = {
			isa = PBXTargetDependency;
			target = 6B6DCDA22BA91B8700FE55D8 /* standalone-akash */;
			targetProxy = 6B6DCDBE2BA91B8C00FE55D8 /* PBXContainerItemProxy */;
		};
/* End PBXTargetDependency section */

/* Begin XCBuildConfiguration section */
		6B6DCDC52BA91B8C00FE55D8 /* Debug */ = {
			isa = XCBuildConfiguration;
			buildSettings = {
				ALWAYS_SEARCH_USER_PATHS = NO;
				CLANG_ANALYZER_NONNULL = YES;
				CLANG_ANALYZER_NUMBER_OBJECT_CONVERSION = YES_AGGRESSIVE;
				CLANG_CXX_LANGUAGE_STANDARD = "gnu++20";
				CLANG_ENABLE_MODULES = YES;
				CLANG_ENABLE_OBJC_ARC = YES;
				CLANG_ENABLE_OBJC_WEAK = YES;
				CLANG_WARN_BLOCK_CAPTURE_AUTORELEASING = YES;
				CLANG_WARN_BOOL_CONVERSION = YES;
				CLANG_WARN_COMMA = YES;
				CLANG_WARN_CONSTANT_CONVERSION = YES;
				CLANG_WARN_DEPRECATED_OBJC_IMPLEMENTATIONS = YES;
				CLANG_WARN_DIRECT_OBJC_ISA_USAGE = YES_ERROR;
				CLANG_WARN_DOCUMENTATION_COMMENTS = YES;
				CLANG_WARN_EMPTY_BODY = YES;
				CLANG_WARN_ENUM_CONVERSION = YES;
				CLANG_WARN_INFINITE_RECURSION = YES;
				CLANG_WARN_INT_CONVERSION = YES;
				CLANG_WARN_NON_LITERAL_NULL_CONVERSION = YES;
				CLANG_WARN_OBJC_IMPLICIT_RETAIN_SELF = YES;
				CLANG_WARN_OBJC_LITERAL_CONVERSION = YES;
				CLANG_WARN_OBJC_ROOT_CLASS = YES_ERROR;
				CLANG_WARN_QUOTED_INCLUDE_IN_FRAMEWORK_HEADER = YES;
				CLANG_WARN_RANGE_LOOP_ANALYSIS = YES;
				CLANG_WARN_STRICT_PROTOTYPES = YES;
				CLANG_WARN_SUSPICIOUS_MOVE = YES;
				CLANG_WARN_UNGUARDED_AVAILABILITY = YES_AGGRESSIVE;
				CLANG_WARN_UNREACHABLE_CODE = YES;
				CLANG_WARN__DUPLICATE_METHOD_MATCH = YES;
				COPY_PHASE_STRIP = NO;
				DEBUG_INFORMATION_FORMAT = dwarf;
				ENABLE_STRICT_OBJC_MSGSEND = YES;
				ENABLE_TESTABILITY = YES;
				GCC_C_LANGUAGE_STANDARD = gnu11;
				GCC_DYNAMIC_NO_PIC = NO;
				GCC_NO_COMMON_BLOCKS = YES;
				GCC_OPTIMIZATION_LEVEL = 0;
				GCC_PREPROCESSOR_DEFINITIONS = (
					"DEBUG=1",
					"$(inherited)",
				);
				GCC_WARN_64_TO_32_BIT_CONVERSION = YES;
				GCC_WARN_ABOUT_RETURN_TYPE = YES_ERROR;
				GCC_WARN_UNDECLARED_SELECTOR = YES;
				GCC_WARN_UNINITIALIZED_AUTOS = YES_AGGRESSIVE;
				GCC_WARN_UNUSED_FUNCTION = YES;
				GCC_WARN_UNUSED_VARIABLE = YES;
				IPHONEOS_DEPLOYMENT_TARGET = 16.2;
				MTL_ENABLE_DEBUG_INFO = INCLUDE_SOURCE;
				MTL_FAST_MATH = YES;
				ONLY_ACTIVE_ARCH = YES;
				SDKROOT = iphoneos;
				SWIFT_ACTIVE_COMPILATION_CONDITIONS = DEBUG;
				SWIFT_OPTIMIZATION_LEVEL = "-Onone";
			};
			name = Debug;
		};
		6B6DCDC62BA91B8C00FE55D8 /* Release */ = {
			isa = XCBuildConfiguration;
			buildSettings = {
				ALWAYS_SEARCH_USER_PATHS = NO;
				CLANG_ANALYZER_NONNULL = YES;
				CLANG_ANALYZER_NUMBER_OBJECT_CONVERSION = YES_AGGRESSIVE;
				CLANG_CXX_LANGUAGE_STANDARD = "gnu++20";
				CLANG_ENABLE_MODULES = YES;
				CLANG_ENABLE_OBJC_ARC = YES;
				CLANG_ENABLE_OBJC_WEAK = YES;
				CLANG_WARN_BLOCK_CAPTURE_AUTORELEASING = YES;
				CLANG_WARN_BOOL_CONVERSION = YES;
				CLANG_WARN_COMMA = YES;
				CLANG_WARN_CONSTANT_CONVERSION = YES;
				CLANG_WARN_DEPRECATED_OBJC_IMPLEMENTATIONS = YES;
				CLANG_WARN_DIRECT_OBJC_ISA_USAGE = YES_ERROR;
				CLANG_WARN_DOCUMENTATION_COMMENTS = YES;
				CLANG_WARN_EMPTY_BODY = YES;
				CLANG_WARN_ENUM_CONVERSION = YES;
				CLANG_WARN_INFINITE_RECURSION = YES;
				CLANG_WARN_INT_CONVERSION = YES;
				CLANG_WARN_NON_LITERAL_NULL_CONVERSION = YES;
				CLANG_WARN_OBJC_IMPLICIT_RETAIN_SELF = YES;
				CLANG_WARN_OBJC_LITERAL_CONVERSION = YES;
				CLANG_WARN_OBJC_ROOT_CLASS = YES_ERROR;
				CLANG_WARN_QUOTED_INCLUDE_IN_FRAMEWORK_HEADER = YES;
				CLANG_WARN_RANGE_LOOP_ANALYSIS = YES;
				CLANG_WARN_STRICT_PROTOTYPES = YES;
				CLANG_WARN_SUSPICIOUS_MOVE = YES;
				CLANG_WARN_UNGUARDED_AVAILABILITY = YES_AGGRESSIVE;
				CLANG_WARN_UNREACHABLE_CODE = YES;
				CLANG_WARN__DUPLICATE_METHOD_MATCH = YES;
				COPY_PHASE_STRIP = NO;
				DEBUG_INFORMATION_FORMAT = "dwarf-with-dsym";
				ENABLE_NS_ASSERTIONS = NO;
				ENABLE_STRICT_OBJC_MSGSEND = YES;
				GCC_C_LANGUAGE_STANDARD = gnu11;
				GCC_NO_COMMON_BLOCKS = YES;
				GCC_WARN_64_TO_32_BIT_CONVERSION = YES;
				GCC_WARN_ABOUT_RETURN_TYPE = YES_ERROR;
				GCC_WARN_UNDECLARED_SELECTOR = YES;
				GCC_WARN_UNINITIALIZED_AUTOS = YES_AGGRESSIVE;
				GCC_WARN_UNUSED_FUNCTION = YES;
				GCC_WARN_UNUSED_VARIABLE = YES;
				IPHONEOS_DEPLOYMENT_TARGET = 16.2;
				MTL_ENABLE_DEBUG_INFO = NO;
				MTL_FAST_MATH = YES;
				SDKROOT = iphoneos;
				SWIFT_COMPILATION_MODE = wholemodule;
				SWIFT_OPTIMIZATION_LEVEL = "-O";
				VALIDATE_PRODUCT = YES;
			};
			name = Release;
		};
		6B6DCDC82BA91B8C00FE55D8 /* Debug */ = {
			isa = XCBuildConfiguration;
			buildSettings = {
				ASSETCATALOG_COMPILER_APPICON_NAME = AppIcon;
				ASSETCATALOG_COMPILER_GLOBAL_ACCENT_COLOR_NAME = AccentColor;
				CODE_SIGN_STYLE = Automatic;
				CURRENT_PROJECT_VERSION = 1;
				DEVELOPMENT_ASSET_PATHS = "\"standalone-akash/Preview Content\"";
				DEVELOPMENT_TEAM = TB2YQ2765B;
				ENABLE_PREVIEWS = YES;
				GENERATE_INFOPLIST_FILE = YES;
				INFOPLIST_KEY_UIApplicationSceneManifest_Generation = YES;
				INFOPLIST_KEY_UIApplicationSupportsIndirectInputEvents = YES;
				INFOPLIST_KEY_UILaunchScreen_Generation = YES;
				INFOPLIST_KEY_UISupportedInterfaceOrientations_iPad = "UIInterfaceOrientationPortrait UIInterfaceOrientationPortraitUpsideDown UIInterfaceOrientationLandscapeLeft UIInterfaceOrientationLandscapeRight";
				INFOPLIST_KEY_UISupportedInterfaceOrientations_iPhone = "UIInterfaceOrientationPortrait UIInterfaceOrientationLandscapeLeft UIInterfaceOrientationLandscapeRight";
				LD_RUNPATH_SEARCH_PATHS = (
					"$(inherited)",
					"@executable_path/Frameworks",
				);
				MARKETING_VERSION = 1.0;
				PRODUCT_BUNDLE_IDENTIFIER = "com.Akash.standalone-akash";
				PRODUCT_NAME = "$(TARGET_NAME)";
				SWIFT_EMIT_LOC_STRINGS = YES;
				SWIFT_VERSION = 5.0;
				TARGETED_DEVICE_FAMILY = "1,2";
			};
			name = Debug;
		};
		6B6DCDC92BA91B8C00FE55D8 /* Release */ = {
			isa = XCBuildConfiguration;
			buildSettings = {
				ASSETCATALOG_COMPILER_APPICON_NAME = AppIcon;
				ASSETCATALOG_COMPILER_GLOBAL_ACCENT_COLOR_NAME = AccentColor;
				CODE_SIGN_STYLE = Automatic;
				CURRENT_PROJECT_VERSION = 1;
				DEVELOPMENT_ASSET_PATHS = "\"standalone-akash/Preview Content\"";
				DEVELOPMENT_TEAM = TB2YQ2765B;
				ENABLE_PREVIEWS = YES;
				GENERATE_INFOPLIST_FILE = YES;
				INFOPLIST_KEY_UIApplicationSceneManifest_Generation = YES;
				INFOPLIST_KEY_UIApplicationSupportsIndirectInputEvents = YES;
				INFOPLIST_KEY_UILaunchScreen_Generation = YES;
				INFOPLIST_KEY_UISupportedInterfaceOrientations_iPad = "UIInterfaceOrientationPortrait UIInterfaceOrientationPortraitUpsideDown UIInterfaceOrientationLandscapeLeft UIInterfaceOrientationLandscapeRight";
				INFOPLIST_KEY_UISupportedInterfaceOrientations_iPhone = "UIInterfaceOrientationPortrait UIInterfaceOrientationLandscapeLeft UIInterfaceOrientationLandscapeRight";
				LD_RUNPATH_SEARCH_PATHS = (
					"$(inherited)",
					"@executable_path/Frameworks",
				);
				MARKETING_VERSION = 1.0;
				PRODUCT_BUNDLE_IDENTIFIER = "com.Akash.standalone-akash";
				PRODUCT_NAME = "$(TARGET_NAME)";
				SWIFT_EMIT_LOC_STRINGS = YES;
				SWIFT_VERSION = 5.0;
				TARGETED_DEVICE_FAMILY = "1,2";
			};
			name = Release;
		};
		6B6DCDCB2BA91B8C00FE55D8 /* Debug */ = {
			isa = XCBuildConfiguration;
			buildSettings = {
				ALWAYS_EMBED_SWIFT_STANDARD_LIBRARIES = YES;
				BUNDLE_LOADER = "$(TEST_HOST)";
				CODE_SIGN_STYLE = Automatic;
				CURRENT_PROJECT_VERSION = 1;
				DEVELOPMENT_TEAM = TB2YQ2765B;
				GENERATE_INFOPLIST_FILE = YES;
				IPHONEOS_DEPLOYMENT_TARGET = 16.2;
				MARKETING_VERSION = 1.0;
				PRODUCT_BUNDLE_IDENTIFIER = "com.Akash.standalone-akashTests";
				PRODUCT_NAME = "$(TARGET_NAME)";
				SWIFT_EMIT_LOC_STRINGS = NO;
				SWIFT_VERSION = 5.0;
				TARGETED_DEVICE_FAMILY = "1,2";
				TEST_HOST = "$(BUILT_PRODUCTS_DIR)/standalone-akash.app/$(BUNDLE_EXECUTABLE_FOLDER_PATH)/standalone-akash";
			};
			name = Debug;
		};
		6B6DCDCC2BA91B8C00FE55D8 /* Release */ = {
			isa = XCBuildConfiguration;
			buildSettings = {
				ALWAYS_EMBED_SWIFT_STANDARD_LIBRARIES = YES;
				BUNDLE_LOADER = "$(TEST_HOST)";
				CODE_SIGN_STYLE = Automatic;
				CURRENT_PROJECT_VERSION = 1;
				DEVELOPMENT_TEAM = TB2YQ2765B;
				GENERATE_INFOPLIST_FILE = YES;
				IPHONEOS_DEPLOYMENT_TARGET = 16.2;
				MARKETING_VERSION = 1.0;
				PRODUCT_BUNDLE_IDENTIFIER = "com.Akash.standalone-akashTests";
				PRODUCT_NAME = "$(TARGET_NAME)";
				SWIFT_EMIT_LOC_STRINGS = NO;
				SWIFT_VERSION = 5.0;
				TARGETED_DEVICE_FAMILY = "1,2";
				TEST_HOST = "$(BUILT_PRODUCTS_DIR)/standalone-akash.app/$(BUNDLE_EXECUTABLE_FOLDER_PATH)/standalone-akash";
			};
			name = Release;
		};
		6B6DCDCE2BA91B8C00FE55D8 /* Debug */ = {
			isa = XCBuildConfiguration;
			buildSettings = {
				ALWAYS_EMBED_SWIFT_STANDARD_LIBRARIES = YES;
				CODE_SIGN_STYLE = Automatic;
				CURRENT_PROJECT_VERSION = 1;
				DEVELOPMENT_TEAM = TB2YQ2765B;
				GENERATE_INFOPLIST_FILE = YES;
				MARKETING_VERSION = 1.0;
				PRODUCT_BUNDLE_IDENTIFIER = "com.Akash.standalone-akashUITests";
				PRODUCT_NAME = "$(TARGET_NAME)";
				SWIFT_EMIT_LOC_STRINGS = NO;
				SWIFT_VERSION = 5.0;
				TARGETED_DEVICE_FAMILY = "1,2";
				TEST_TARGET_NAME = "standalone-akash";
			};
			name = Debug;
		};
		6B6DCDCF2BA91B8C00FE55D8 /* Release */ = {
			isa = XCBuildConfiguration;
			buildSettings = {
				ALWAYS_EMBED_SWIFT_STANDARD_LIBRARIES = YES;
				CODE_SIGN_STYLE = Automatic;
				CURRENT_PROJECT_VERSION = 1;
				DEVELOPMENT_TEAM = TB2YQ2765B;
				GENERATE_INFOPLIST_FILE = YES;
				MARKETING_VERSION = 1.0;
				PRODUCT_BUNDLE_IDENTIFIER = "com.Akash.standalone-akashUITests";
				PRODUCT_NAME = "$(TARGET_NAME)";
				SWIFT_EMIT_LOC_STRINGS = NO;
				SWIFT_VERSION = 5.0;
				TARGETED_DEVICE_FAMILY = "1,2";
				TEST_TARGET_NAME = "standalone-akash";
			};
			name = Release;
		};
/* End XCBuildConfiguration section */

/* Begin XCConfigurationList section */
		6B6DCD9E2BA91B8700FE55D8 /* Build configuration list for PBXProject "standalone-akash" */ = {
			isa = XCConfigurationList;
			buildConfigurations = (
				6B6DCDC52BA91B8C00FE55D8 /* Debug */,
				6B6DCDC62BA91B8C00FE55D8 /* Release */,
			);
			defaultConfigurationIsVisible = 0;
			defaultConfigurationName = Release;
		};
		6B6DCDC72BA91B8C00FE55D8 /* Build configuration list for PBXNativeTarget "standalone-akash" */ = {
			isa = XCConfigurationList;
			buildConfigurations = (
				6B6DCDC82BA91B8C00FE55D8 /* Debug */,
				6B6DCDC92BA91B8C00FE55D8 /* Release */,
			);
			defaultConfigurationIsVisible = 0;
			defaultConfigurationName = Release;
		};
		6B6DCDCA2BA91B8C00FE55D8 /* Build configuration list for PBXNativeTarget "standalone-akashTests" */ = {
			isa = XCConfigurationList;
			buildConfigurations = (
				6B6DCDCB2BA91B8C00FE55D8 /* Debug */,
				6B6DCDCC2BA91B8C00FE55D8 /* Release */,
			);
			defaultConfigurationIsVisible = 0;
			defaultConfigurationName = Release;
		};
		6B6DCDCD2BA91B8C00FE55D8 /* Build configuration list for PBXNativeTarget "standalone-akashUITests" */ = {
			isa = XCConfigurationList;
			buildConfigurations = (
				6B6DCDCE2BA91B8C00FE55D8 /* Debug */,
				6B6DCDCF2BA91B8C00FE55D8 /* Release */,
			);
			defaultConfigurationIsVisible = 0;
			defaultConfigurationName = Release;
		};
/* End XCConfigurationList section */
	};
	rootObject = 6B6DCD9B2BA91B8700FE55D8 /* Project object */;
}
